
Microsoft Visual Studio Solution File, Format Version 12.00
# Visual Studio Version 16
VisualStudioVersion = 16.0.29609.76
MinimumVisualStudioVersion = 10.0.40219.1
Project("{8BC9CEB8-8B4A-11D0-8D11-00A0C91BC942}") = "PrvniProgram", "PrvniProgram\PrvniProgram.vcxproj", "{DECCFE8E-E055-426D-BC35-729DA5A4E847}"
EndProject
Project("{8BC9CEB8-8B4A-11D0-8D11-00A0C91BC942}") = "PrvniStruktura", "PrvniStruktura\PrvniStruktura.vcxproj", "{2301EBE2-646A-49EF-9AD7-57CF8DCABE28}"
EndProject
Global
	GlobalSection(SolutionConfigurationPlatforms) = preSolution
		Debug|x64 = Debug|x64
		Debug|x86 = Debug|x86
		Release|x64 = Release|x64
		Release|x86 = Release|x86
	EndGlobalSection
	GlobalSection(ProjectConfigurationPlatforms) = postSolution
		{DECCFE8E-E055-426D-BC35-729DA5A4E847}.Debug|x64.ActiveCfg = Debug|x64
		{DECCFE8E-E055-426D-BC35-729DA5A4E847}.Debug|x64.Build.0 = Debug|x64
		{DECCFE8E-E055-426D-BC35-729DA5A4E847}.Debug|x86.ActiveCfg = Debug|Win32
		{DECCFE8E-E055-426D-BC35-729DA5A4E847}.Debug|x86.Build.0 = Debug|Win32
		{DECCFE8E-E055-426D-BC35-729DA5A4E847}.Release|x64.ActiveCfg = Release|x64
		{DECCFE8E-E055-426D-BC35-729DA5A4E847}.Release|x64.Build.0 = Release|x64
		{DECCFE8E-E055-426D-BC35-729DA5A4E847}.Release|x86.ActiveCfg = Release|Win32
		{DECCFE8E-E055-426D-BC35-729DA5A4E847}.Release|x86.Build.0 = Release|Win32
		{2301EBE2-646A-49EF-9AD7-57CF8DCABE28}.Debug|x64.ActiveCfg = Debug|x64
		{2301EBE2-646A-49EF-9AD7-57CF8DCABE28}.Debug|x64.Build.0 = Debug|x64
		{2301EBE2-646A-49EF-9AD7-57CF8DCABE28}.Debug|x86.ActiveCfg = Debug|Win32
		{2301EBE2-646A-49EF-9AD7-57CF8DCABE28}.Debug|x86.Build.0 = Debug|Win32
		{2301EBE2-646A-49EF-9AD7-57CF8DCABE28}.Release|x64.ActiveCfg = Release|x64
		{2301EBE2-646A-49EF-9AD7-57CF8DCABE28}.Release|x64.Build.0 = Release|x64
		{2301EBE2-646A-49EF-9AD7-57CF8DCABE28}.Release|x86.ActiveCfg = Release|Win32
		{2301EBE2-646A-49EF-9AD7-57CF8DCABE28}.Release|x86.Build.0 = Release|Win32
	EndGlobalSection
	GlobalSection(SolutionProperties) = preSolution
		HideSolutionNode = FALSE
	EndGlobalSection
	GlobalSection(ExtensibilityGlobals) = postSolution
		SolutionGuid = {B960B8F7-DE6D-4C15-99C0-E1D6325219E3}
	EndGlobalSection
EndGlobal
